<Solution>
<<<<<<< HEAD
  <Project Path="GudangPintarGui/GudangPintarGui.csproj" Id="0e4e754f-c973-4d9e-80b8-e8a9304702c5" />
=======
  <Project Path="GudangPintarGui/GudangPintarGui.csproj" Id="57a9da29-282a-4bfe-856a-949c84ccb3a4" />
>>>>>>> a8b62e2d6144355e4b71cb7d24b87ec53897866e
  <Project Path="GudangPintarKPL/GudangPintarKPL.csproj" />
  <Project Path="TestGudangPintar/TestGudangPintar.csproj" Id="046ba712-9d1e-4bb2-bdcd-1d484b37dada" />
</Solution>
